// !$*UTF8*$!
{
	archiveVersion = 1;
	classes = {
	};
	objectVersion = 56;
	objects = {

/* Begin PBXBuildFile section */
		A90606CC2A3F441A008030BB /* TypographyView.swift in Sources */ = {isa = PBXBuildFile; fileRef = A90606CB2A3F441A008030BB /* TypographyView.swift */; };
		A91BAC5C2A3F361B00D97101 /* HIG_TesterApp.swift in Sources */ = {isa = PBXBuildFile; fileRef = A91BAC5B2A3F361B00D97101 /* HIG_TesterApp.swift */; };
		A91BAC5E2A3F361B00D97101 /* ContentView.swift in Sources */ = {isa = PBXBuildFile; fileRef = A91BAC5D2A3F361B00D97101 /* ContentView.swift */; };
		A91BAC602A3F361D00D97101 /* Assets.xcassets in Resources */ = {isa = PBXBuildFile; fileRef = A91BAC5F2A3F361D00D97101 /* Assets.xcassets */; };
		A91BAC632A3F361D00D97101 /* Preview Assets.xcassets in Resources */ = {isa = PBXBuildFile; fileRef = A91BAC622A3F361D00D97101 /* Preview Assets.xcassets */; };
		A91BAC6D2A3F361D00D97101 /* HIG_TesterTests.swift in Sources */ = {isa = PBXBuildFile; fileRef = A91BAC6C2A3F361D00D97101 /* HIG_TesterTests.swift */; };
		A91BAC772A3F361D00D97101 /* HIG_TesterUITests.swift in Sources */ = {isa = PBXBuildFile; fileRef = A91BAC762A3F361D00D97101 /* HIG_TesterUITests.swift */; };
		A91BAC792A3F361D00D97101 /* HIG_TesterUITestsLaunchTests.swift in Sources */ = {isa = PBXBuildFile; fileRef = A91BAC782A3F361D00D97101 /* HIG_TesterUITestsLaunchTests.swift */; };
		A986811E2A48382F00C58C8B /* HigImageView.swift in Sources */ = {isa = PBXBuildFile; fileRef = A986811D2A48382F00C58C8B /* HigImageView.swift */; };
		A9A9BF342A516A500049E1CD /* Accessibility.swift in Sources */ = {isa = PBXBuildFile; fileRef = A9A9BF332A516A500049E1CD /* Accessibility.swift */; };
		A9A9BF382A532ADD0049E1CD /* AccessibilityView.swift in Sources */ = {isa = PBXBuildFile; fileRef = A9A9BF372A532ADD0049E1CD /* AccessibilityView.swift */; };
/* End PBXBuildFile section */

/* Begin PBXContainerItemProxy section */
		A91BAC692A3F361D00D97101 /* PBXContainerItemProxy */ = {
			isa = PBXContainerItemProxy;
			containerPortal = A91BAC502A3F361B00D97101 /* Project object */;
			proxyType = 1;
			remoteGlobalIDString = A91BAC572A3F361B00D97101;
			remoteInfo = "HIG-Tester";
		};
		A91BAC732A3F361D00D97101 /* PBXContainerItemProxy */ = {
			isa = PBXContainerItemProxy;
			containerPortal = A91BAC502A3F361B00D97101 /* Project object */;
			proxyType = 1;
			remoteGlobalIDString = A91BAC572A3F361B00D97101;
			remoteInfo = "HIG-Tester";
		};
/* End PBXContainerItemProxy section */

/* Begin PBXFileReference section */
		A90606CB2A3F441A008030BB /* TypographyView.swift */ = {isa = PBXFileReference; lastKnownFileType = sourcecode.swift; path = TypographyView.swift; sourceTree = "<group>"; };
		A91BAC582A3F361B00D97101 /* HIG-Tester.app */ = {isa = PBXFileReference; explicitFileType = wrapper.application; includeInIndex = 0; path = "HIG-Tester.app"; sourceTree = BUILT_PRODUCTS_DIR; };
		A91BAC5B2A3F361B00D97101 /* HIG_TesterApp.swift */ = {isa = PBXFileReference; lastKnownFileType = sourcecode.swift; path = HIG_TesterApp.swift; sourceTree = "<group>"; };
		A91BAC5D2A3F361B00D97101 /* ContentView.swift */ = {isa = PBXFileReference; lastKnownFileType = sourcecode.swift; path = ContentView.swift; sourceTree = "<group>"; };
		A91BAC5F2A3F361D00D97101 /* Assets.xcassets */ = {isa = PBXFileReference; lastKnownFileType = folder.assetcatalog; path = Assets.xcassets; sourceTree = "<group>"; };
		A91BAC622A3F361D00D97101 /* Preview Assets.xcassets */ = {isa = PBXFileReference; lastKnownFileType = folder.assetcatalog; path = "Preview Assets.xcassets"; sourceTree = "<group>"; };
		A91BAC682A3F361D00D97101 /* HIG-TesterTests.xctest */ = {isa = PBXFileReference; explicitFileType = wrapper.cfbundle; includeInIndex = 0; path = "HIG-TesterTests.xctest"; sourceTree = BUILT_PRODUCTS_DIR; };
		A91BAC6C2A3F361D00D97101 /* HIG_TesterTests.swift */ = {isa = PBXFileReference; lastKnownFileType = sourcecode.swift; path = HIG_TesterTests.swift; sourceTree = "<group>"; };
		A91BAC722A3F361D00D97101 /* HIG-TesterUITests.xctest */ = {isa = PBXFileReference; explicitFileType = wrapper.cfbundle; includeInIndex = 0; path = "HIG-TesterUITests.xctest"; sourceTree = BUILT_PRODUCTS_DIR; };
		A91BAC762A3F361D00D97101 /* HIG_TesterUITests.swift */ = {isa = PBXFileReference; lastKnownFileType = sourcecode.swift; path = HIG_TesterUITests.swift; sourceTree = "<group>"; };
		A91BAC782A3F361D00D97101 /* HIG_TesterUITestsLaunchTests.swift */ = {isa = PBXFileReference; lastKnownFileType = sourcecode.swift; path = HIG_TesterUITestsLaunchTests.swift; sourceTree = "<group>"; };
		A986811D2A48382F00C58C8B /* HigImageView.swift */ = {isa = PBXFileReference; lastKnownFileType = sourcecode.swift; path = HigImageView.swift; sourceTree = "<group>"; };
		A9A9BF332A516A500049E1CD /* Accessibility.swift */ = {isa = PBXFileReference; lastKnownFileType = sourcecode.swift; path = Accessibility.swift; sourceTree = "<group>"; };
		A9A9BF372A532ADD0049E1CD /* AccessibilityView.swift */ = {isa = PBXFileReference; lastKnownFileType = sourcecode.swift; path = AccessibilityView.swift; sourceTree = "<group>"; };
/* End PBXFileReference section */

/* Begin PBXFrameworksBuildPhase section */
		A91BAC552A3F361B00D97101 /* Frameworks */ = {
			isa = PBXFrameworksBuildPhase;
			buildActionMask = 2147483647;
			files = (
			);
			runOnlyForDeploymentPostprocessing = 0;
		};
		A91BAC652A3F361D00D97101 /* Frameworks */ = {
			isa = PBXFrameworksBuildPhase;
			buildActionMask = 2147483647;
			files = (
			);
			runOnlyForDeploymentPostprocessing = 0;
		};
		A91BAC6F2A3F361D00D97101 /* Frameworks */ = {
			isa = PBXFrameworksBuildPhase;
			buildActionMask = 2147483647;
			files = (
			);
			runOnlyForDeploymentPostprocessing = 0;
		};
/* End PBXFrameworksBuildPhase section */

/* Begin PBXGroup section */
		A90606CA2A3F4409008030BB /* Typography */ = {
			isa = PBXGroup;
			children = (
				A90606CB2A3F441A008030BB /* TypographyView.swift */,
			);
			path = Typography;
			sourceTree = "<group>";
		};
		A91BAC4F2A3F361B00D97101 = {
			isa = PBXGroup;
			children = (
				A91BAC5A2A3F361B00D97101 /* HIG-Tester */,
				A91BAC6B2A3F361D00D97101 /* HIG-TesterTests */,
				A91BAC752A3F361D00D97101 /* HIG-TesterUITests */,
				A91BAC592A3F361B00D97101 /* Products */,
			);
			sourceTree = "<group>";
		};
		A91BAC592A3F361B00D97101 /* Products */ = {
			isa = PBXGroup;
			children = (
				A91BAC582A3F361B00D97101 /* HIG-Tester.app */,
				A91BAC682A3F361D00D97101 /* HIG-TesterTests.xctest */,
				A91BAC722A3F361D00D97101 /* HIG-TesterUITests.xctest */,
			);
			name = Products;
			sourceTree = "<group>";
		};
		A91BAC5A2A3F361B00D97101 /* HIG-Tester */ = {
			isa = PBXGroup;
			children = (
				A9A9BF352A516A550049E1CD /* Accessibility */,
				A986811C2A48381500C58C8B /* Image */,
				A90606CA2A3F4409008030BB /* Typography */,
				A91BAC5B2A3F361B00D97101 /* HIG_TesterApp.swift */,
				A91BAC5D2A3F361B00D97101 /* ContentView.swift */,
				A91BAC5F2A3F361D00D97101 /* Assets.xcassets */,
				A91BAC612A3F361D00D97101 /* Preview Content */,
			);
			path = "HIG-Tester";
			sourceTree = "<group>";
		};
		A91BAC612A3F361D00D97101 /* Preview Content */ = {
			isa = PBXGroup;
			children = (
				A91BAC622A3F361D00D97101 /* Preview Assets.xcassets */,
			);
			path = "Preview Content";
			sourceTree = "<group>";
		};
		A91BAC6B2A3F361D00D97101 /* HIG-TesterTests */ = {
			isa = PBXGroup;
			children = (
				A91BAC6C2A3F361D00D97101 /* HIG_TesterTests.swift */,
			);
			path = "HIG-TesterTests";
			sourceTree = "<group>";
		};
		A91BAC752A3F361D00D97101 /* HIG-TesterUITests */ = {
			isa = PBXGroup;
			children = (
				A91BAC762A3F361D00D97101 /* HIG_TesterUITests.swift */,
				A91BAC782A3F361D00D97101 /* HIG_TesterUITestsLaunchTests.swift */,
			);
			path = "HIG-TesterUITests";
			sourceTree = "<group>";
		};
		A986811C2A48381500C58C8B /* Image */ = {
			isa = PBXGroup;
			children = (
				A986811D2A48382F00C58C8B /* HigImageView.swift */,
			);
			path = Image;
			sourceTree = "<group>";
		};
		A9A9BF352A516A550049E1CD /* Accessibility */ = {
			isa = PBXGroup;
			children = (
				A9A9BF332A516A500049E1CD /* Accessibility.swift */,
				A9A9BF372A532ADD0049E1CD /* AccessibilityView.swift */,
			);
			path = Accessibility;
			sourceTree = "<group>";
		};
/* End PBXGroup section */

/* Begin PBXNativeTarget section */
		A91BAC572A3F361B00D97101 /* HIG-Tester */ = {
			isa = PBXNativeTarget;
			buildConfigurationList = A91BAC7C2A3F361D00D97101 /* Build configuration list for PBXNativeTarget "HIG-Tester" */;
			buildPhases = (
				A91BAC542A3F361B00D97101 /* Sources */,
				A91BAC552A3F361B00D97101 /* Frameworks */,
				A91BAC562A3F361B00D97101 /* Resources */,
				A9A9BF362A529E7B0049E1CD /* ShellScript */,
			);
			buildRules = (
			);
			dependencies = (
			);
			name = "HIG-Tester";
			productName = "HIG-Tester";
			productReference = A91BAC582A3F361B00D97101 /* HIG-Tester.app */;
			productType = "com.apple.product-type.application";
		};
		A91BAC672A3F361D00D97101 /* HIG-TesterTests */ = {
			isa = PBXNativeTarget;
			buildConfigurationList = A91BAC7F2A3F361D00D97101 /* Build configuration list for PBXNativeTarget "HIG-TesterTests" */;
			buildPhases = (
				A91BAC642A3F361D00D97101 /* Sources */,
				A91BAC652A3F361D00D97101 /* Frameworks */,
				A91BAC662A3F361D00D97101 /* Resources */,
			);
			buildRules = (
			);
			dependencies = (
				A91BAC6A2A3F361D00D97101 /* PBXTargetDependency */,
			);
			name = "HIG-TesterTests";
			productName = "HIG-TesterTests";
			productReference = A91BAC682A3F361D00D97101 /* HIG-TesterTests.xctest */;
			productType = "com.apple.product-type.bundle.unit-test";
		};
		A91BAC712A3F361D00D97101 /* HIG-TesterUITests */ = {
			isa = PBXNativeTarget;
			buildConfigurationList = A91BAC822A3F361D00D97101 /* Build configuration list for PBXNativeTarget "HIG-TesterUITests" */;
			buildPhases = (
				A91BAC6E2A3F361D00D97101 /* Sources */,
				A91BAC6F2A3F361D00D97101 /* Frameworks */,
				A91BAC702A3F361D00D97101 /* Resources */,
			);
			buildRules = (
			);
			dependencies = (
				A91BAC742A3F361D00D97101 /* PBXTargetDependency */,
			);
			name = "HIG-TesterUITests";
			productName = "HIG-TesterUITests";
			productReference = A91BAC722A3F361D00D97101 /* HIG-TesterUITests.xctest */;
			productType = "com.apple.product-type.bundle.ui-testing";
		};
/* End PBXNativeTarget section */

/* Begin PBXProject section */
		A91BAC502A3F361B00D97101 /* Project object */ = {
			isa = PBXProject;
			attributes = {
				BuildIndependentTargetsInParallel = 1;
				LastSwiftUpdateCheck = 1430;
				LastUpgradeCheck = 1430;
				TargetAttributes = {
					A91BAC572A3F361B00D97101 = {
						CreatedOnToolsVersion = 14.3;
					};
					A91BAC672A3F361D00D97101 = {
						CreatedOnToolsVersion = 14.3;
						TestTargetID = A91BAC572A3F361B00D97101;
					};
					A91BAC712A3F361D00D97101 = {
						CreatedOnToolsVersion = 14.3;
						TestTargetID = A91BAC572A3F361B00D97101;
					};
				};
			};
			buildConfigurationList = A91BAC532A3F361B00D97101 /* Build configuration list for PBXProject "HIG-Tester" */;
			compatibilityVersion = "Xcode 14.0";
			developmentRegion = en;
			hasScannedForEncodings = 0;
			knownRegions = (
				en,
				Base,
			);
			mainGroup = A91BAC4F2A3F361B00D97101;
			productRefGroup = A91BAC592A3F361B00D97101 /* Products */;
			projectDirPath = "";
			projectRoot = "";
			targets = (
				A91BAC572A3F361B00D97101 /* HIG-Tester */,
				A91BAC672A3F361D00D97101 /* HIG-TesterTests */,
				A91BAC712A3F361D00D97101 /* HIG-TesterUITests */,
			);
		};
/* End PBXProject section */

/* Begin PBXResourcesBuildPhase section */
		A91BAC562A3F361B00D97101 /* Resources */ = {
			isa = PBXResourcesBuildPhase;
			buildActionMask = 2147483647;
			files = (
				A91BAC632A3F361D00D97101 /* Preview Assets.xcassets in Resources */,
				A91BAC602A3F361D00D97101 /* Assets.xcassets in Resources */,
			);
			runOnlyForDeploymentPostprocessing = 0;
		};
		A91BAC662A3F361D00D97101 /* Resources */ = {
			isa = PBXResourcesBuildPhase;
			buildActionMask = 2147483647;
			files = (
			);
			runOnlyForDeploymentPostprocessing = 0;
		};
		A91BAC702A3F361D00D97101 /* Resources */ = {
			isa = PBXResourcesBuildPhase;
			buildActionMask = 2147483647;
			files = (
			);
			runOnlyForDeploymentPostprocessing = 0;
		};
/* End PBXResourcesBuildPhase section */

/* Begin PBXShellScriptBuildPhase section */
		A9A9BF362A529E7B0049E1CD /* ShellScript */ = {
			isa = PBXShellScriptBuildPhase;
			buildActionMask = 2147483647;
			files = (
			);
			inputFileListPaths = (
			);
			inputPaths = (
			);
			outputFileListPaths = (
			);
			outputPaths = (
			);
			runOnlyForDeploymentPostprocessing = 0;
			shellPath = /bin/sh;
			shellScript = "
";
		};
/* End PBXShellScriptBuildPhase section */

/* Begin PBXSourcesBuildPhase section */
		A91BAC542A3F361B00D97101 /* Sources */ = {
			isa = PBXSourcesBuildPhase;
			buildActionMask = 2147483647;
			files = (
				A91BAC5E2A3F361B00D97101 /* ContentView.swift in Sources */,
				A9A9BF382A532ADD0049E1CD /* AccessibilityView.swift in Sources */,
				A91BAC5C2A3F361B00D97101 /* HIG_TesterApp.swift in Sources */,
				A9A9BF342A516A500049E1CD /* Accessibility.swift in Sources */,
				A90606CC2A3F441A008030BB /* TypographyView.swift in Sources */,
				A986811E2A48382F00C58C8B /* HigImageView.swift in Sources */,
			);
			runOnlyForDeploymentPostprocessing = 0;
		};
		A91BAC642A3F361D00D97101 /* Sources */ = {
			isa = PBXSourcesBuildPhase;
			buildActionMask = 2147483647;
			files = (
				A91BAC6D2A3F361D00D97101 /* HIG_TesterTests.swift in Sources */,
			);
			runOnlyForDeploymentPostprocessing = 0;
		};
		A91BAC6E2A3F361D00D97101 /* Sources */ = {
			isa = PBXSourcesBuildPhase;
			buildActionMask = 2147483647;
			files = (
				A91BAC792A3F361D00D97101 /* HIG_TesterUITestsLaunchTests.swift in Sources */,
				A91BAC772A3F361D00D97101 /* HIG_TesterUITests.swift in Sources */,
			);
			runOnlyForDeploymentPostprocessing = 0;
		};
/* End PBXSourcesBuildPhase section */

/* Begin PBXTargetDependency section */
		A91BAC6A2A3F361D00D97101 /* PBXTargetDependency */ = {
			isa = PBXTargetDependency;
			target = A91BAC572A3F361B00D97101 /* HIG-Tester */;
			targetProxy = A91BAC692A3F361D00D97101 /* PBXContainerItemProxy */;
		};
		A91BAC742A3F361D00D97101 /* PBXTargetDependency */ = {
			isa = PBXTargetDependency;
			target = A91BAC572A3F361B00D97101 /* HIG-Tester */;
			targetProxy = A91BAC732A3F361D00D97101 /* PBXContainerItemProxy */;
		};
/* End PBXTargetDependency section */

/* Begin XCBuildConfiguration section */
		A91BAC7A2A3F361D00D97101 /* Debug */ = {
			isa = XCBuildConfiguration;
			buildSettings = {
				ALWAYS_SEARCH_USER_PATHS = NO;
				CLANG_ANALYZER_NONNULL = YES;
				CLANG_ANALYZER_NUMBER_OBJECT_CONVERSION = YES_AGGRESSIVE;
				CLANG_CXX_LANGUAGE_STANDARD = "gnu++20";
				CLANG_ENABLE_MODULES = YES;
				CLANG_ENABLE_OBJC_ARC = YES;
				CLANG_ENABLE_OBJC_WEAK = YES;
				CLANG_WARN_BLOCK_CAPTURE_AUTORELEASING = YES;
				CLANG_WARN_BOOL_CONVERSION = YES;
				CLANG_WARN_COMMA = YES;
				CLANG_WARN_CONSTANT_CONVERSION = YES;
				CLANG_WARN_DEPRECATED_OBJC_IMPLEMENTATIONS = YES;
				CLANG_WARN_DIRECT_OBJC_ISA_USAGE = YES_ERROR;
				CLANG_WARN_DOCUMENTATION_COMMENTS = YES;
				CLANG_WARN_EMPTY_BODY = YES;
				CLANG_WARN_ENUM_CONVERSION = YES;
				CLANG_WARN_INFINITE_RECURSION = YES;
				CLANG_WARN_INT_CONVERSION = YES;
				CLANG_WARN_NON_LITERAL_NULL_CONVERSION = YES;
				CLANG_WARN_OBJC_IMPLICIT_RETAIN_SELF = YES;
				CLANG_WARN_OBJC_LITERAL_CONVERSION = YES;
				CLANG_WARN_OBJC_ROOT_CLASS = YES_ERROR;
				CLANG_WARN_QUOTED_INCLUDE_IN_FRAMEWORK_HEADER = YES;
				CLANG_WARN_RANGE_LOOP_ANALYSIS = YES;
				CLANG_WARN_STRICT_PROTOTYPES = YES;
				CLANG_WARN_SUSPICIOUS_MOVE = YES;
				CLANG_WARN_UNGUARDED_AVAILABILITY = YES_AGGRESSIVE;
				CLANG_WARN_UNREACHABLE_CODE = YES;
				CLANG_WARN__DUPLICATE_METHOD_MATCH = YES;
				COPY_PHASE_STRIP = NO;
				DEBUG_INFORMATION_FORMAT = dwarf;
				ENABLE_STRICT_OBJC_MSGSEND = YES;
				ENABLE_TESTABILITY = YES;
				GCC_C_LANGUAGE_STANDARD = gnu11;
				GCC_DYNAMIC_NO_PIC = NO;
				GCC_NO_COMMON_BLOCKS = YES;
				GCC_OPTIMIZATION_LEVEL = 0;
				GCC_PREPROCESSOR_DEFINITIONS = (
					"DEBUG=1",
					"$(inherited)",
				);
				GCC_WARN_64_TO_32_BIT_CONVERSION = YES;
				GCC_WARN_ABOUT_RETURN_TYPE = YES_ERROR;
				GCC_WARN_UNDECLARED_SELECTOR = YES;
				GCC_WARN_UNINITIALIZED_AUTOS = YES_AGGRESSIVE;
				GCC_WARN_UNUSED_FUNCTION = YES;
				GCC_WARN_UNUSED_VARIABLE = YES;
				IPHONEOS_DEPLOYMENT_TARGET = 16.4;
				MTL_ENABLE_DEBUG_INFO = INCLUDE_SOURCE;
				MTL_FAST_MATH = YES;
				ONLY_ACTIVE_ARCH = YES;
				SDKROOT = iphoneos;
				SWIFT_ACTIVE_COMPILATION_CONDITIONS = DEBUG;
				SWIFT_OPTIMIZATION_LEVEL = "-Onone";
			};
			name = Debug;
		};
		A91BAC7B2A3F361D00D97101 /* Release */ = {
			isa = XCBuildConfiguration;
			buildSettings = {
				ALWAYS_SEARCH_USER_PATHS = NO;
				CLANG_ANALYZER_NONNULL = YES;
				CLANG_ANALYZER_NUMBER_OBJECT_CONVERSION = YES_AGGRESSIVE;
				CLANG_CXX_LANGUAGE_STANDARD = "gnu++20";
				CLANG_ENABLE_MODULES = YES;
				CLANG_ENABLE_OBJC_ARC = YES;
				CLANG_ENABLE_OBJC_WEAK = YES;
				CLANG_WARN_BLOCK_CAPTURE_AUTORELEASING = YES;
				CLANG_WARN_BOOL_CONVERSION = YES;
				CLANG_WARN_COMMA = YES;
				CLANG_WARN_CONSTANT_CONVERSION = YES;
				CLANG_WARN_DEPRECATED_OBJC_IMPLEMENTATIONS = YES;
				CLANG_WARN_DIRECT_OBJC_ISA_USAGE = YES_ERROR;
				CLANG_WARN_DOCUMENTATION_COMMENTS = YES;
				CLANG_WARN_EMPTY_BODY = YES;
				CLANG_WARN_ENUM_CONVERSION = YES;
				CLANG_WARN_INFINITE_RECURSION = YES;
				CLANG_WARN_INT_CONVERSION = YES;
				CLANG_WARN_NON_LITERAL_NULL_CONVERSION = YES;
				CLANG_WARN_OBJC_IMPLICIT_RETAIN_SELF = YES;
				CLANG_WARN_OBJC_LITERAL_CONVERSION = YES;
				CLANG_WARN_OBJC_ROOT_CLASS = YES_ERROR;
				CLANG_WARN_QUOTED_INCLUDE_IN_FRAMEWORK_HEADER = YES;
				CLANG_WARN_RANGE_LOOP_ANALYSIS = YES;
				CLANG_WARN_STRICT_PROTOTYPES = YES;
				CLANG_WARN_SUSPICIOUS_MOVE = YES;
				CLANG_WARN_UNGUARDED_AVAILABILITY = YES_AGGRESSIVE;
				CLANG_WARN_UNREACHABLE_CODE = YES;
				CLANG_WARN__DUPLICATE_METHOD_MATCH = YES;
				COPY_PHASE_STRIP = NO;
				DEBUG_INFORMATION_FORMAT = "dwarf-with-dsym";
				ENABLE_NS_ASSERTIONS = NO;
				ENABLE_STRICT_OBJC_MSGSEND = YES;
				GCC_C_LANGUAGE_STANDARD = gnu11;
				GCC_NO_COMMON_BLOCKS = YES;
				GCC_WARN_64_TO_32_BIT_CONVERSION = YES;
				GCC_WARN_ABOUT_RETURN_TYPE = YES_ERROR;
				GCC_WARN_UNDECLARED_SELECTOR = YES;
				GCC_WARN_UNINITIALIZED_AUTOS = YES_AGGRESSIVE;
				GCC_WARN_UNUSED_FUNCTION = YES;
				GCC_WARN_UNUSED_VARIABLE = YES;
				IPHONEOS_DEPLOYMENT_TARGET = 16.4;
				MTL_ENABLE_DEBUG_INFO = NO;
				MTL_FAST_MATH = YES;
				SDKROOT = iphoneos;
				SWIFT_COMPILATION_MODE = wholemodule;
				SWIFT_OPTIMIZATION_LEVEL = "-O";
				VALIDATE_PRODUCT = YES;
			};
			name = Release;
		};
		A91BAC7D2A3F361D00D97101 /* Debug */ = {
			isa = XCBuildConfiguration;
			buildSettings = {
				ASSETCATALOG_COMPILER_APPICON_NAME = AppIcon;
				ASSETCATALOG_COMPILER_GLOBAL_ACCENT_COLOR_NAME = AccentColor;
				CODE_SIGN_STYLE = Automatic;
				CURRENT_PROJECT_VERSION = 1;
				DEVELOPMENT_ASSET_PATHS = "\"HIG-Tester/Preview Content\"";
				DEVELOPMENT_TEAM = V7Y39HNV38;
				ENABLE_PREVIEWS = YES;
				GENERATE_INFOPLIST_FILE = YES;
				INFOPLIST_KEY_UIApplicationSceneManifest_Generation = YES;
				INFOPLIST_KEY_UIApplicationSupportsIndirectInputEvents = YES;
				INFOPLIST_KEY_UILaunchScreen_Generation = YES;
				INFOPLIST_KEY_UISupportedInterfaceOrientations_iPad = "UIInterfaceOrientationPortrait UIInterfaceOrientationPortraitUpsideDown UIInterfaceOrientationLandscapeLeft UIInterfaceOrientationLandscapeRight";
				INFOPLIST_KEY_UISupportedInterfaceOrientations_iPhone = "UIInterfaceOrientationPortrait UIInterfaceOrientationLandscapeLeft UIInterfaceOrientationLandscapeRight";
				LD_RUNPATH_SEARCH_PATHS = (
					"$(inherited)",
					"@executable_path/Frameworks",
				);
				MARKETING_VERSION = 1.0;
				PRODUCT_BUNDLE_IDENTIFIER = "yuncoffee.HIG-Tester";
				PRODUCT_NAME = "$(TARGET_NAME)";
				SWIFT_EMIT_LOC_STRINGS = YES;
				SWIFT_VERSION = 5.0;
				TARGETED_DEVICE_FAMILY = "1,2";
			};
			name = Debug;
		};
		A91BAC7E2A3F361D00D97101 /* Release */ = {
			isa = XCBuildConfiguration;
			buildSettings = {
				ASSETCATALOG_COMPILER_APPICON_NAME = AppIcon;
				ASSETCATALOG_COMPILER_GLOBAL_ACCENT_COLOR_NAME = AccentColor;
				CODE_SIGN_STYLE = Automatic;
				CURRENT_PROJECT_VERSION = 1;
				DEVELOPMENT_ASSET_PATHS = "\"HIG-Tester/Preview Content\"";
				DEVELOPMENT_TEAM = V7Y39HNV38;
				ENABLE_PREVIEWS = YES;
				GENERATE_INFOPLIST_FILE = YES;
				INFOPLIST_KEY_UIApplicationSceneManifest_Generation = YES;
				INFOPLIST_KEY_UIApplicationSupportsIndirectInputEvents = YES;
				INFOPLIST_KEY_UILaunchScreen_Generation = YES;
				INFOPLIST_KEY_UISupportedInterfaceOrientations_iPad = "UIInterfaceOrientationPortrait UIInterfaceOrientationPortraitUpsideDown UIInterfaceOrientationLandscapeLeft UIInterfaceOrientationLandscapeRight";
				INFOPLIST_KEY_UISupportedInterfaceOrientations_iPhone = "UIInterfaceOrientationPortrait UIInterfaceOrientationLandscapeLeft UIInterfaceOrientationLandscapeRight";
				LD_RUNPATH_SEARCH_PATHS = (
					"$(inherited)",
					"@executable_path/Frameworks",
				);
				MARKETING_VERSION = 1.0;
				PRODUCT_BUNDLE_IDENTIFIER = "yuncoffee.HIG-Tester";
				PRODUCT_NAME = "$(TARGET_NAME)";
				SWIFT_EMIT_LOC_STRINGS = YES;
				SWIFT_VERSION = 5.0;
				TARGETED_DEVICE_FAMILY = "1,2";
			};
			name = Release;
		};
		A91BAC802A3F361D00D97101 /* Debug */ = {
			isa = XCBuildConfiguration;
			buildSettings = {
				ALWAYS_EMBED_SWIFT_STANDARD_LIBRARIES = YES;
				BUNDLE_LOADER = "$(TEST_HOST)";
				CODE_SIGN_STYLE = Automatic;
				CURRENT_PROJECT_VERSION = 1;
				DEVELOPMENT_TEAM = V7Y39HNV38;
				GENERATE_INFOPLIST_FILE = YES;
				IPHONEOS_DEPLOYMENT_TARGET = 16.4;
				MARKETING_VERSION = 1.0;
				PRODUCT_BUNDLE_IDENTIFIER = "yuncoffee.HIG-TesterTests";
				PRODUCT_NAME = "$(TARGET_NAME)";
				SWIFT_EMIT_LOC_STRINGS = NO;
				SWIFT_VERSION = 5.0;
				TARGETED_DEVICE_FAMILY = "1,2";
				TEST_HOST = "$(BUILT_PRODUCTS_DIR)/HIG-Tester.app/$(BUNDLE_EXECUTABLE_FOLDER_PATH)/HIG-Tester";
			};
			name = Debug;
		};
		A91BAC812A3F361D00D97101 /* Release */ = {
			isa = XCBuildConfiguration;
			buildSettings = {
				ALWAYS_EMBED_SWIFT_STANDARD_LIBRARIES = YES;
				BUNDLE_LOADER = "$(TEST_HOST)";
				CODE_SIGN_STYLE = Automatic;
				CURRENT_PROJECT_VERSION = 1;
				DEVELOPMENT_TEAM = V7Y39HNV38;
				GENERATE_INFOPLIST_FILE = YES;
				IPHONEOS_DEPLOYMENT_TARGET = 16.4;
				MARKETING_VERSION = 1.0;
				PRODUCT_BUNDLE_IDENTIFIER = "yuncoffee.HIG-TesterTests";
				PRODUCT_NAME = "$(TARGET_NAME)";
				SWIFT_EMIT_LOC_STRINGS = NO;
				SWIFT_VERSION = 5.0;
				TARGETED_DEVICE_FAMILY = "1,2";
				TEST_HOST = "$(BUILT_PRODUCTS_DIR)/HIG-Tester.app/$(BUNDLE_EXECUTABLE_FOLDER_PATH)/HIG-Tester";
			};
			name = Release;
		};
		A91BAC832A3F361D00D97101 /* Debug */ = {
			isa = XCBuildConfiguration;
			buildSettings = {
				ALWAYS_EMBED_SWIFT_STANDARD_LIBRARIES = YES;
				CODE_SIGN_STYLE = Automatic;
				CURRENT_PROJECT_VERSION = 1;
				DEVELOPMENT_TEAM = V7Y39HNV38;
				GENERATE_INFOPLIST_FILE = YES;
				MARKETING_VERSION = 1.0;
				PRODUCT_BUNDLE_IDENTIFIER = "yuncoffee.HIG-TesterUITests";
				PRODUCT_NAME = "$(TARGET_NAME)";
				SWIFT_EMIT_LOC_STRINGS = NO;
				SWIFT_VERSION = 5.0;
				TARGETED_DEVICE_FAMILY = "1,2";
				TEST_TARGET_NAME = "HIG-Tester";
			};
			name = Debug;
		};
		A91BAC842A3F361D00D97101 /* Release */ = {
			isa = XCBuildConfiguration;
			buildSettings = {
				ALWAYS_EMBED_SWIFT_STANDARD_LIBRARIES = YES;
				CODE_SIGN_STYLE = Automatic;
				CURRENT_PROJECT_VERSION = 1;
				DEVELOPMENT_TEAM = V7Y39HNV38;
				GENERATE_INFOPLIST_FILE = YES;
				MARKETING_VERSION = 1.0;
				PRODUCT_BUNDLE_IDENTIFIER = "yuncoffee.HIG-TesterUITests";
				PRODUCT_NAME = "$(TARGET_NAME)";
				SWIFT_EMIT_LOC_STRINGS = NO;
				SWIFT_VERSION = 5.0;
				TARGETED_DEVICE_FAMILY = "1,2";
				TEST_TARGET_NAME = "HIG-Tester";
			};
			name = Release;
		};
/* End XCBuildConfiguration section */

/* Begin XCConfigurationList section */
		A91BAC532A3F361B00D97101 /* Build configuration list for PBXProject "HIG-Tester" */ = {
			isa = XCConfigurationList;
			buildConfigurations = (
				A91BAC7A2A3F361D00D97101 /* Debug */,
				A91BAC7B2A3F361D00D97101 /* Release */,
			);
			defaultConfigurationIsVisible = 0;
			defaultConfigurationName = Release;
		};
		A91BAC7C2A3F361D00D97101 /* Build configuration list for PBXNativeTarget "HIG-Tester" */ = {
			isa = XCConfigurationList;
			buildConfigurations = (
				A91BAC7D2A3F361D00D97101 /* Debug */,
				A91BAC7E2A3F361D00D97101 /* Release */,
			);
			defaultConfigurationIsVisible = 0;
			defaultConfigurationName = Release;
		};
		A91BAC7F2A3F361D00D97101 /* Build configuration list for PBXNativeTarget "HIG-TesterTests" */ = {
			isa = XCConfigurationList;
			buildConfigurations = (
				A91BAC802A3F361D00D97101 /* Debug */,
				A91BAC812A3F361D00D97101 /* Release */,
			);
			defaultConfigurationIsVisible = 0;
			defaultConfigurationName = Release;
		};
		A91BAC822A3F361D00D97101 /* Build configuration list for PBXNativeTarget "HIG-TesterUITests" */ = {
			isa = XCConfigurationList;
			buildConfigurations = (
				A91BAC832A3F361D00D97101 /* Debug */,
				A91BAC842A3F361D00D97101 /* Release */,
			);
			defaultConfigurationIsVisible = 0;
			defaultConfigurationName = Release;
		};
/* End XCConfigurationList section */
	};
	rootObject = A91BAC502A3F361B00D97101 /* Project object */;
}
